// !$*UTF8*$!
{
	archiveVersion = 1;
	classes = {
	};
	objectVersion = 50;
	objects = {

/* Begin PBXBuildFile section */
		2101135D25D452BE006C3F2D /* AppDelegate.swift in Sources */ = {isa = PBXBuildFile; fileRef = 2101135C25D452BE006C3F2D /* AppDelegate.swift */; };
		2101135F25D452BE006C3F2D /* SceneDelegate.swift in Sources */ = {isa = PBXBuildFile; fileRef = 2101135E25D452BE006C3F2D /* SceneDelegate.swift */; };
		2101136125D452BE006C3F2D /* ContentView.swift in Sources */ = {isa = PBXBuildFile; fileRef = 2101136025D452BE006C3F2D /* ContentView.swift */; };
		2101136325D452C1006C3F2D /* Assets.xcassets in Resources */ = {isa = PBXBuildFile; fileRef = 2101136225D452C1006C3F2D /* Assets.xcassets */; };
		2101136625D452C1006C3F2D /* Preview Assets.xcassets in Resources */ = {isa = PBXBuildFile; fileRef = 2101136525D452C1006C3F2D /* Preview Assets.xcassets */; };
		2101136925D452C1006C3F2D /* LaunchScreen.storyboard in Resources */ = {isa = PBXBuildFile; fileRef = 2101136725D452C1006C3F2D /* LaunchScreen.storyboard */; };
		2101137425D452C1006C3F2D /* datastoreTemporalTests.swift in Sources */ = {isa = PBXBuildFile; fileRef = 2101137325D452C1006C3F2D /* datastoreTemporalTests.swift */; };
		2101137F25D452C1006C3F2D /* datastoreTemporalUITests.swift in Sources */ = {isa = PBXBuildFile; fileRef = 2101137E25D452C1006C3F2D /* datastoreTemporalUITests.swift */; };
		2101139625D45417006C3F2D /* amplifyconfiguration.json in Resources */ = {isa = PBXBuildFile; fileRef = 2101139525D45417006C3F2D /* amplifyconfiguration.json */; };
		2E69792AFAE340B9B0FCB096 /* Todo+Schema.swift in Sources */ = {isa = PBXBuildFile; fileRef = 8F3A4F0E4020464BB74AC87E /* Todo+Schema.swift */; };
		63A5203688C04E3DB99CBD4A /* Todo.swift in Sources */ = {isa = PBXBuildFile; fileRef = E906CF5569B447FE8856C87D /* Todo.swift */; };
		6CF8EE21BE9C459BBF4989BB /* amplifyconfiguration.json in Resources */ = {isa = PBXBuildFile; fileRef = D5D32688357943908FC52326 /* amplifyconfiguration.json */; };
		B04DC703EC6C4A2688615F49 /* awsconfiguration.json in Resources */ = {isa = PBXBuildFile; fileRef = 8A9B535C97204F07A55AFFAE /* awsconfiguration.json */; };
		C24CF87A6AADDA577D5BC781 /* Pods_datastoreTemporalTests.framework in Frameworks */ = {isa = PBXBuildFile; fileRef = 63807D83A04E40C5D0C09DAD /* Pods_datastoreTemporalTests.framework */; };
		DA70D31CD18A4458A04EB30A /* Pods_datastoreTemporal_datastoreTemporalUITests.framework in Frameworks */ = {isa = PBXBuildFile; fileRef = 88C4B7DB641F4C6C8D9268A4 /* Pods_datastoreTemporal_datastoreTemporalUITests.framework */; };
		ED0F7854DEAB4CF8A74A8B83 /* AmplifyModels.swift in Sources */ = {isa = PBXBuildFile; fileRef = 64BC8E68B7B74A6B84402969 /* AmplifyModels.swift */; };
		F4160AD47AD37C82FDB14977 /* Pods_datastoreTemporal.framework in Frameworks */ = {isa = PBXBuildFile; fileRef = 29ED7E5D30163C098EFCACFD /* Pods_datastoreTemporal.framework */; };
/* End PBXBuildFile section */

/* Begin PBXContainerItemProxy section */
		2101137025D452C1006C3F2D /* PBXContainerItemProxy */ = {
			isa = PBXContainerItemProxy;
			containerPortal = 2101135125D452BE006C3F2D /* Project object */;
			proxyType = 1;
			remoteGlobalIDString = 2101135825D452BE006C3F2D;
			remoteInfo = datastoreTemporal;
		};
		2101137B25D452C1006C3F2D /* PBXContainerItemProxy */ = {
			isa = PBXContainerItemProxy;
			containerPortal = 2101135125D452BE006C3F2D /* Project object */;
			proxyType = 1;
			remoteGlobalIDString = 2101135825D452BE006C3F2D;
			remoteInfo = datastoreTemporal;
		};
/* End PBXContainerItemProxy section */

/* Begin PBXFileReference section */
		17CCAD707890DDC4AD4AC1E1 /* Pods-datastoreTemporal.debug.xcconfig */ = {isa = PBXFileReference; includeInIndex = 1; lastKnownFileType = text.xcconfig; name = "Pods-datastoreTemporal.debug.xcconfig"; path = "Target Support Files/Pods-datastoreTemporal/Pods-datastoreTemporal.debug.xcconfig"; sourceTree = "<group>"; };
		1986E252CB73223533DC2A12 /* Pods-datastoreTemporal-datastoreTemporalUITests.debug.xcconfig */ = {isa = PBXFileReference; includeInIndex = 1; lastKnownFileType = text.xcconfig; name = "Pods-datastoreTemporal-datastoreTemporalUITests.debug.xcconfig"; path = "Target Support Files/Pods-datastoreTemporal-datastoreTemporalUITests/Pods-datastoreTemporal-datastoreTemporalUITests.debug.xcconfig"; sourceTree = "<group>"; };
		2101135925D452BE006C3F2D /* datastoreTemporal.app */ = {isa = PBXFileReference; explicitFileType = wrapper.application; includeInIndex = 0; path = datastoreTemporal.app; sourceTree = BUILT_PRODUCTS_DIR; };
		2101135C25D452BE006C3F2D /* AppDelegate.swift */ = {isa = PBXFileReference; lastKnownFileType = sourcecode.swift; path = AppDelegate.swift; sourceTree = "<group>"; };
		2101135E25D452BE006C3F2D /* SceneDelegate.swift */ = {isa = PBXFileReference; lastKnownFileType = sourcecode.swift; path = SceneDelegate.swift; sourceTree = "<group>"; };
		2101136025D452BE006C3F2D /* ContentView.swift */ = {isa = PBXFileReference; lastKnownFileType = sourcecode.swift; path = ContentView.swift; sourceTree = "<group>"; };
		2101136225D452C1006C3F2D /* Assets.xcassets */ = {isa = PBXFileReference; lastKnownFileType = folder.assetcatalog; path = Assets.xcassets; sourceTree = "<group>"; };
		2101136525D452C1006C3F2D /* Preview Assets.xcassets */ = {isa = PBXFileReference; lastKnownFileType = folder.assetcatalog; path = "Preview Assets.xcassets"; sourceTree = "<group>"; };
		2101136825D452C1006C3F2D /* Base */ = {isa = PBXFileReference; lastKnownFileType = file.storyboard; name = Base; path = Base.lproj/LaunchScreen.storyboard; sourceTree = "<group>"; };
		2101136A25D452C1006C3F2D /* Info.plist */ = {isa = PBXFileReference; lastKnownFileType = text.plist.xml; path = Info.plist; sourceTree = "<group>"; };
		2101136F25D452C1006C3F2D /* datastoreTemporalTests.xctest */ = {isa = PBXFileReference; explicitFileType = wrapper.cfbundle; includeInIndex = 0; path = datastoreTemporalTests.xctest; sourceTree = BUILT_PRODUCTS_DIR; };
		2101137325D452C1006C3F2D /* datastoreTemporalTests.swift */ = {isa = PBXFileReference; lastKnownFileType = sourcecode.swift; path = datastoreTemporalTests.swift; sourceTree = "<group>"; };
		2101137525D452C1006C3F2D /* Info.plist */ = {isa = PBXFileReference; lastKnownFileType = text.plist.xml; path = Info.plist; sourceTree = "<group>"; };
		2101137A25D452C1006C3F2D /* datastoreTemporalUITests.xctest */ = {isa = PBXFileReference; explicitFileType = wrapper.cfbundle; includeInIndex = 0; path = datastoreTemporalUITests.xctest; sourceTree = BUILT_PRODUCTS_DIR; };
		2101137E25D452C1006C3F2D /* datastoreTemporalUITests.swift */ = {isa = PBXFileReference; lastKnownFileType = sourcecode.swift; path = datastoreTemporalUITests.swift; sourceTree = "<group>"; };
		2101138025D452C1006C3F2D /* Info.plist */ = {isa = PBXFileReference; lastKnownFileType = text.plist.xml; path = Info.plist; sourceTree = "<group>"; };
		2101139525D45417006C3F2D /* amplifyconfiguration.json */ = {isa = PBXFileReference; fileEncoding = 4; lastKnownFileType = text.json; path = amplifyconfiguration.json; sourceTree = "<group>"; };
		29ED7E5D30163C098EFCACFD /* Pods_datastoreTemporal.framework */ = {isa = PBXFileReference; explicitFileType = wrapper.framework; includeInIndex = 0; path = Pods_datastoreTemporal.framework; sourceTree = BUILT_PRODUCTS_DIR; };
		57D91335EA15B57180D173FF /* Pods-datastoreTemporal.release.xcconfig */ = {isa = PBXFileReference; includeInIndex = 1; lastKnownFileType = text.xcconfig; name = "Pods-datastoreTemporal.release.xcconfig"; path = "Target Support Files/Pods-datastoreTemporal/Pods-datastoreTemporal.release.xcconfig"; sourceTree = "<group>"; };
		63807D83A04E40C5D0C09DAD /* Pods_datastoreTemporalTests.framework */ = {isa = PBXFileReference; explicitFileType = wrapper.framework; includeInIndex = 0; path = Pods_datastoreTemporalTests.framework; sourceTree = BUILT_PRODUCTS_DIR; };
		64BC8E68B7B74A6B84402969 /* AmplifyModels.swift */ = {isa = PBXFileReference; explicitFileType = undefined; fileEncoding = 4; includeInIndex = 0; lastKnownFileType = sourcecode.swift; name = AmplifyModels.swift; path = amplify/generated/models/AmplifyModels.swift; sourceTree = "<group>"; };
		6A494DD3C40514DF59DE4C05 /* Pods-datastoreTemporalTests.debug.xcconfig */ = {isa = PBXFileReference; includeInIndex = 1; lastKnownFileType = text.xcconfig; name = "Pods-datastoreTemporalTests.debug.xcconfig"; path = "Target Support Files/Pods-datastoreTemporalTests/Pods-datastoreTemporalTests.debug.xcconfig"; sourceTree = "<group>"; };
		88C4B7DB641F4C6C8D9268A4 /* Pods_datastoreTemporal_datastoreTemporalUITests.framework */ = {isa = PBXFileReference; explicitFileType = wrapper.framework; includeInIndex = 0; path = Pods_datastoreTemporal_datastoreTemporalUITests.framework; sourceTree = BUILT_PRODUCTS_DIR; };
		8A9B535C97204F07A55AFFAE /* awsconfiguration.json */ = {isa = PBXFileReference; explicitFileType = undefined; fileEncoding = 9; includeInIndex = 0; lastKnownFileType = unknown; path = awsconfiguration.json; sourceTree = "<group>"; };
		8E5D907ABC41DA25D1FA5531 /* Pods-datastoreTemporalTests.release.xcconfig */ = {isa = PBXFileReference; includeInIndex = 1; lastKnownFileType = text.xcconfig; name = "Pods-datastoreTemporalTests.release.xcconfig"; path = "Target Support Files/Pods-datastoreTemporalTests/Pods-datastoreTemporalTests.release.xcconfig"; sourceTree = "<group>"; };
		8F3A4F0E4020464BB74AC87E /* Todo+Schema.swift */ = {isa = PBXFileReference; explicitFileType = undefined; fileEncoding = 4; includeInIndex = 0; lastKnownFileType = sourcecode.swift; name = "Todo+Schema.swift"; path = "amplify/generated/models/Todo+Schema.swift"; sourceTree = "<group>"; };
		A203E1E0E1A041E59BD77B1E /* amplifytools.xcconfig */ = {isa = PBXFileReference; explicitFileType = undefined; fileEncoding = 4; includeInIndex = 0; lastKnownFileType = text.xcconfig; path = amplifytools.xcconfig; sourceTree = "<group>"; };
		CCCE5D92DB46AF259533F6A5 /* Pods-datastoreTemporal-datastoreTemporalUITests.release.xcconfig */ = {isa = PBXFileReference; includeInIndex = 1; lastKnownFileType = text.xcconfig; name = "Pods-datastoreTemporal-datastoreTemporalUITests.release.xcconfig"; path = "Target Support Files/Pods-datastoreTemporal-datastoreTemporalUITests/Pods-datastoreTemporal-datastoreTemporalUITests.release.xcconfig"; sourceTree = "<group>"; };
		D5D32688357943908FC52326 /* amplifyconfiguration.json */ = {isa = PBXFileReference; explicitFileType = undefined; fileEncoding = 9; includeInIndex = 0; lastKnownFileType = unknown; path = amplifyconfiguration.json; sourceTree = "<group>"; };
		E906CF5569B447FE8856C87D /* Todo.swift */ = {isa = PBXFileReference; explicitFileType = undefined; fileEncoding = 4; includeInIndex = 0; lastKnownFileType = sourcecode.swift; name = Todo.swift; path = amplify/generated/models/Todo.swift; sourceTree = "<group>"; };
		F15E6401E4DB4AB6870D521B /* schema.graphql */ = {isa = PBXFileReference; explicitFileType = undefined; fileEncoding = 4; includeInIndex = 0; lastKnownFileType = text; name = schema.graphql; path = amplify/backend/api/datastoretemporal/schema.graphql; sourceTree = "<group>"; };
/* End PBXFileReference section */

/* Begin PBXFrameworksBuildPhase section */
		2101135625D452BE006C3F2D /* Frameworks */ = {
			isa = PBXFrameworksBuildPhase;
			buildActionMask = 2147483647;
			files = (
				F4160AD47AD37C82FDB14977 /* Pods_datastoreTemporal.framework in Frameworks */,
			);
			runOnlyForDeploymentPostprocessing = 0;
		};
		2101136C25D452C1006C3F2D /* Frameworks */ = {
			isa = PBXFrameworksBuildPhase;
			buildActionMask = 2147483647;
			files = (
				C24CF87A6AADDA577D5BC781 /* Pods_datastoreTemporalTests.framework in Frameworks */,
			);
			runOnlyForDeploymentPostprocessing = 0;
		};
		2101137725D452C1006C3F2D /* Frameworks */ = {
			isa = PBXFrameworksBuildPhase;
			buildActionMask = 2147483647;
			files = (
				DA70D31CD18A4458A04EB30A /* Pods_datastoreTemporal_datastoreTemporalUITests.framework in Frameworks */,
			);
			runOnlyForDeploymentPostprocessing = 0;
		};
/* End PBXFrameworksBuildPhase section */

/* Begin PBXGroup section */
		2101135025D452BE006C3F2D = {
			isa = PBXGroup;
			children = (
				2101139525D45417006C3F2D /* amplifyconfiguration.json */,
				B64FC054CD294451B746C430 /* AmplifyModels */,
				61D8F5AE2AE4450ABB943FD3 /* AmplifyConfig */,
				2101135B25D452BE006C3F2D /* datastoreTemporal */,
				2101137225D452C1006C3F2D /* datastoreTemporalTests */,
				2101137D25D452C1006C3F2D /* datastoreTemporalUITests */,
				2101135A25D452BE006C3F2D /* Products */,
				546C97643B9404B28052A560 /* Pods */,
				D5D30FA87BEE54DABBAA3444 /* Frameworks */,
			);
			sourceTree = "<group>";
		};
		2101135A25D452BE006C3F2D /* Products */ = {
			isa = PBXGroup;
			children = (
				2101135925D452BE006C3F2D /* datastoreTemporal.app */,
				2101136F25D452C1006C3F2D /* datastoreTemporalTests.xctest */,
				2101137A25D452C1006C3F2D /* datastoreTemporalUITests.xctest */,
			);
			name = Products;
			sourceTree = "<group>";
		};
		2101135B25D452BE006C3F2D /* datastoreTemporal */ = {
			isa = PBXGroup;
			children = (
				2101135C25D452BE006C3F2D /* AppDelegate.swift */,
				2101135E25D452BE006C3F2D /* SceneDelegate.swift */,
				2101136025D452BE006C3F2D /* ContentView.swift */,
				2101136225D452C1006C3F2D /* Assets.xcassets */,
				2101136725D452C1006C3F2D /* LaunchScreen.storyboard */,
				2101136A25D452C1006C3F2D /* Info.plist */,
				2101136425D452C1006C3F2D /* Preview Content */,
			);
			path = datastoreTemporal;
			sourceTree = "<group>";
		};
		2101136425D452C1006C3F2D /* Preview Content */ = {
			isa = PBXGroup;
			children = (
				2101136525D452C1006C3F2D /* Preview Assets.xcassets */,
			);
			path = "Preview Content";
			sourceTree = "<group>";
		};
		2101137225D452C1006C3F2D /* datastoreTemporalTests */ = {
			isa = PBXGroup;
			children = (
				2101137325D452C1006C3F2D /* datastoreTemporalTests.swift */,
				2101137525D452C1006C3F2D /* Info.plist */,
			);
			path = datastoreTemporalTests;
			sourceTree = "<group>";
		};
		2101137D25D452C1006C3F2D /* datastoreTemporalUITests */ = {
			isa = PBXGroup;
			children = (
				2101137E25D452C1006C3F2D /* datastoreTemporalUITests.swift */,
				2101138025D452C1006C3F2D /* Info.plist */,
			);
			path = datastoreTemporalUITests;
			sourceTree = "<group>";
		};
		546C97643B9404B28052A560 /* Pods */ = {
			isa = PBXGroup;
			children = (
				17CCAD707890DDC4AD4AC1E1 /* Pods-datastoreTemporal.debug.xcconfig */,
				57D91335EA15B57180D173FF /* Pods-datastoreTemporal.release.xcconfig */,
				1986E252CB73223533DC2A12 /* Pods-datastoreTemporal-datastoreTemporalUITests.debug.xcconfig */,
				CCCE5D92DB46AF259533F6A5 /* Pods-datastoreTemporal-datastoreTemporalUITests.release.xcconfig */,
				6A494DD3C40514DF59DE4C05 /* Pods-datastoreTemporalTests.debug.xcconfig */,
				8E5D907ABC41DA25D1FA5531 /* Pods-datastoreTemporalTests.release.xcconfig */,
			);
			path = Pods;
			sourceTree = "<group>";
		};
		61D8F5AE2AE4450ABB943FD3 /* AmplifyConfig */ = {
			isa = PBXGroup;
			children = (
				A203E1E0E1A041E59BD77B1E /* amplifytools.xcconfig */,
				D5D32688357943908FC52326 /* amplifyconfiguration.json */,
				8A9B535C97204F07A55AFFAE /* awsconfiguration.json */,
				F15E6401E4DB4AB6870D521B /* schema.graphql */,
			);
			name = AmplifyConfig;
			path = .;
			sourceTree = "<group>";
		};
		B64FC054CD294451B746C430 /* AmplifyModels */ = {
			isa = PBXGroup;
			children = (
				64BC8E68B7B74A6B84402969 /* AmplifyModels.swift */,
				E906CF5569B447FE8856C87D /* Todo.swift */,
				8F3A4F0E4020464BB74AC87E /* Todo+Schema.swift */,
			);
			name = AmplifyModels;
			path = .;
			sourceTree = "<group>";
		};
		D5D30FA87BEE54DABBAA3444 /* Frameworks */ = {
			isa = PBXGroup;
			children = (
				29ED7E5D30163C098EFCACFD /* Pods_datastoreTemporal.framework */,
				88C4B7DB641F4C6C8D9268A4 /* Pods_datastoreTemporal_datastoreTemporalUITests.framework */,
				63807D83A04E40C5D0C09DAD /* Pods_datastoreTemporalTests.framework */,
			);
			name = Frameworks;
			sourceTree = "<group>";
		};
/* End PBXGroup section */

/* Begin PBXNativeTarget section */
		2101135825D452BE006C3F2D /* datastoreTemporal */ = {
			isa = PBXNativeTarget;
			buildConfigurationList = 2101138325D452C1006C3F2D /* Build configuration list for PBXNativeTarget "datastoreTemporal" */;
			buildPhases = (
				D3AFB1FCBEDC39202CD5CADF /* [CP] Check Pods Manifest.lock */,
				2101135525D452BE006C3F2D /* Sources */,
				2101135625D452BE006C3F2D /* Frameworks */,
				2101135725D452BE006C3F2D /* Resources */,
			);
			buildRules = (
			);
			dependencies = (
			);
			name = datastoreTemporal;
			productName = datastoreTemporal;
			productReference = 2101135925D452BE006C3F2D /* datastoreTemporal.app */;
			productType = "com.apple.product-type.application";
		};
		2101136E25D452C1006C3F2D /* datastoreTemporalTests */ = {
			isa = PBXNativeTarget;
			buildConfigurationList = 2101138625D452C1006C3F2D /* Build configuration list for PBXNativeTarget "datastoreTemporalTests" */;
			buildPhases = (
				E539E4E1682A868A28386D85 /* [CP] Check Pods Manifest.lock */,
				2101136B25D452C1006C3F2D /* Sources */,
				2101136C25D452C1006C3F2D /* Frameworks */,
				2101136D25D452C1006C3F2D /* Resources */,
			);
			buildRules = (
			);
			dependencies = (
				2101137125D452C1006C3F2D /* PBXTargetDependency */,
			);
			name = datastoreTemporalTests;
			productName = datastoreTemporalTests;
			productReference = 2101136F25D452C1006C3F2D /* datastoreTemporalTests.xctest */;
			productType = "com.apple.product-type.bundle.unit-test";
		};
		2101137925D452C1006C3F2D /* datastoreTemporalUITests */ = {
			isa = PBXNativeTarget;
			buildConfigurationList = 2101138925D452C1006C3F2D /* Build configuration list for PBXNativeTarget "datastoreTemporalUITests" */;
			buildPhases = (
				BE1ADEEE5F8B99D17C4D9942 /* [CP] Check Pods Manifest.lock */,
				2101137625D452C1006C3F2D /* Sources */,
				2101137725D452C1006C3F2D /* Frameworks */,
				2101137825D452C1006C3F2D /* Resources */,
			);
			buildRules = (
			);
			dependencies = (
				2101137C25D452C1006C3F2D /* PBXTargetDependency */,
			);
			name = datastoreTemporalUITests;
			productName = datastoreTemporalUITests;
			productReference = 2101137A25D452C1006C3F2D /* datastoreTemporalUITests.xctest */;
			productType = "com.apple.product-type.bundle.ui-testing";
		};
/* End PBXNativeTarget section */

/* Begin PBXProject section */
		2101135125D452BE006C3F2D /* Project object */ = {
			isa = PBXProject;
			attributes = {
				LastSwiftUpdateCheck = 1240;
				LastUpgradeCheck = 1240;
				TargetAttributes = {
					2101135825D452BE006C3F2D = {
						CreatedOnToolsVersion = 12.4;
					};
					2101136E25D452C1006C3F2D = {
						CreatedOnToolsVersion = 12.4;
						TestTargetID = 2101135825D452BE006C3F2D;
					};
					2101137925D452C1006C3F2D = {
						CreatedOnToolsVersion = 12.4;
						TestTargetID = 2101135825D452BE006C3F2D;
					};
				};
			};
			buildConfigurationList = 2101135425D452BE006C3F2D /* Build configuration list for PBXProject "datastoreTemporal" */;
			compatibilityVersion = "Xcode 9.3";
			developmentRegion = en;
			hasScannedForEncodings = 0;
			knownRegions = (
				en,
				Base,
			);
			mainGroup = 2101135025D452BE006C3F2D;
			productRefGroup = 2101135A25D452BE006C3F2D /* Products */;
			projectDirPath = "";
			projectRoot = "";
			targets = (
				2101135825D452BE006C3F2D /* datastoreTemporal */,
				2101136E25D452C1006C3F2D /* datastoreTemporalTests */,
				2101137925D452C1006C3F2D /* datastoreTemporalUITests */,
			);
		};
/* End PBXProject section */

/* Begin PBXResourcesBuildPhase section */
		2101135725D452BE006C3F2D /* Resources */ = {
			isa = PBXResourcesBuildPhase;
			buildActionMask = 2147483647;
			files = (
				2101136925D452C1006C3F2D /* LaunchScreen.storyboard in Resources */,
				2101139625D45417006C3F2D /* amplifyconfiguration.json in Resources */,
				2101136625D452C1006C3F2D /* Preview Assets.xcassets in Resources */,
				2101136325D452C1006C3F2D /* Assets.xcassets in Resources */,
				6CF8EE21BE9C459BBF4989BB /* amplifyconfiguration.json in Resources */,
				B04DC703EC6C4A2688615F49 /* awsconfiguration.json in Resources */,
			);
			runOnlyForDeploymentPostprocessing = 0;
		};
		2101136D25D452C1006C3F2D /* Resources */ = {
			isa = PBXResourcesBuildPhase;
			buildActionMask = 2147483647;
			files = (
			);
			runOnlyForDeploymentPostprocessing = 0;
		};
		2101137825D452C1006C3F2D /* Resources */ = {
			isa = PBXResourcesBuildPhase;
			buildActionMask = 2147483647;
			files = (
			);
			runOnlyForDeploymentPostprocessing = 0;
		};
/* End PBXResourcesBuildPhase section */

/* Begin PBXShellScriptBuildPhase section */
		BE1ADEEE5F8B99D17C4D9942 /* [CP] Check Pods Manifest.lock */ = {
			isa = PBXShellScriptBuildPhase;
			buildActionMask = 2147483647;
			files = (
			);
			inputFileListPaths = (
			);
			inputPaths = (
				"${PODS_PODFILE_DIR_PATH}/Podfile.lock",
				"${PODS_ROOT}/Manifest.lock",
			);
			name = "[CP] Check Pods Manifest.lock";
			outputFileListPaths = (
			);
			outputPaths = (
				"$(DERIVED_FILE_DIR)/Pods-datastoreTemporal-datastoreTemporalUITests-checkManifestLockResult.txt",
			);
			runOnlyForDeploymentPostprocessing = 0;
			shellPath = /bin/sh;
			shellScript = "diff \"${PODS_PODFILE_DIR_PATH}/Podfile.lock\" \"${PODS_ROOT}/Manifest.lock\" > /dev/null\nif [ $? != 0 ] ; then\n    # print error to STDERR\n    echo \"error: The sandbox is not in sync with the Podfile.lock. Run 'pod install' or update your CocoaPods installation.\" >&2\n    exit 1\nfi\n# This output is used by Xcode 'outputs' to avoid re-running this script phase.\necho \"SUCCESS\" > \"${SCRIPT_OUTPUT_FILE_0}\"\n";
			showEnvVarsInLog = 0;
		};
		D3AFB1FCBEDC39202CD5CADF /* [CP] Check Pods Manifest.lock */ = {
			isa = PBXShellScriptBuildPhase;
			buildActionMask = 2147483647;
			files = (
			);
			inputFileListPaths = (
			);
			inputPaths = (
				"${PODS_PODFILE_DIR_PATH}/Podfile.lock",
				"${PODS_ROOT}/Manifest.lock",
			);
			name = "[CP] Check Pods Manifest.lock";
			outputFileListPaths = (
			);
			outputPaths = (
				"$(DERIVED_FILE_DIR)/Pods-datastoreTemporal-checkManifestLockResult.txt",
			);
			runOnlyForDeploymentPostprocessing = 0;
			shellPath = /bin/sh;
			shellScript = "diff \"${PODS_PODFILE_DIR_PATH}/Podfile.lock\" \"${PODS_ROOT}/Manifest.lock\" > /dev/null\nif [ $? != 0 ] ; then\n    # print error to STDERR\n    echo \"error: The sandbox is not in sync with the Podfile.lock. Run 'pod install' or update your CocoaPods installation.\" >&2\n    exit 1\nfi\n# This output is used by Xcode 'outputs' to avoid re-running this script phase.\necho \"SUCCESS\" > \"${SCRIPT_OUTPUT_FILE_0}\"\n";
			showEnvVarsInLog = 0;
		};
		E539E4E1682A868A28386D85 /* [CP] Check Pods Manifest.lock */ = {
			isa = PBXShellScriptBuildPhase;
			buildActionMask = 2147483647;
			files = (
			);
			inputFileListPaths = (
			);
			inputPaths = (
				"${PODS_PODFILE_DIR_PATH}/Podfile.lock",
				"${PODS_ROOT}/Manifest.lock",
			);
			name = "[CP] Check Pods Manifest.lock";
			outputFileListPaths = (
			);
			outputPaths = (
				"$(DERIVED_FILE_DIR)/Pods-datastoreTemporalTests-checkManifestLockResult.txt",
			);
			runOnlyForDeploymentPostprocessing = 0;
			shellPath = /bin/sh;
			shellScript = "diff \"${PODS_PODFILE_DIR_PATH}/Podfile.lock\" \"${PODS_ROOT}/Manifest.lock\" > /dev/null\nif [ $? != 0 ] ; then\n    # print error to STDERR\n    echo \"error: The sandbox is not in sync with the Podfile.lock. Run 'pod install' or update your CocoaPods installation.\" >&2\n    exit 1\nfi\n# This output is used by Xcode 'outputs' to avoid re-running this script phase.\necho \"SUCCESS\" > \"${SCRIPT_OUTPUT_FILE_0}\"\n";
			showEnvVarsInLog = 0;
		};
/* End PBXShellScriptBuildPhase section */

/* Begin PBXSourcesBuildPhase section */
		2101135525D452BE006C3F2D /* Sources */ = {
			isa = PBXSourcesBuildPhase;
			buildActionMask = 2147483647;
			files = (
				2101135D25D452BE006C3F2D /* AppDelegate.swift in Sources */,
				2101135F25D452BE006C3F2D /* SceneDelegate.swift in Sources */,
				2101136125D452BE006C3F2D /* ContentView.swift in Sources */,
				ED0F7854DEAB4CF8A74A8B83 /* AmplifyModels.swift in Sources */,
				63A5203688C04E3DB99CBD4A /* Todo.swift in Sources */,
				2E69792AFAE340B9B0FCB096 /* Todo+Schema.swift in Sources */,
			);
			runOnlyForDeploymentPostprocessing = 0;
		};
		2101136B25D452C1006C3F2D /* Sources */ = {
			isa = PBXSourcesBuildPhase;
			buildActionMask = 2147483647;
			files = (
				2101137425D452C1006C3F2D /* datastoreTemporalTests.swift in Sources */,
			);
			runOnlyForDeploymentPostprocessing = 0;
		};
		2101137625D452C1006C3F2D /* Sources */ = {
			isa = PBXSourcesBuildPhase;
			buildActionMask = 2147483647;
			files = (
				2101137F25D452C1006C3F2D /* datastoreTemporalUITests.swift in Sources */,
			);
			runOnlyForDeploymentPostprocessing = 0;
		};
/* End PBXSourcesBuildPhase section */

/* Begin PBXTargetDependency section */
		2101137125D452C1006C3F2D /* PBXTargetDependency */ = {
			isa = PBXTargetDependency;
			target = 2101135825D452BE006C3F2D /* datastoreTemporal */;
			targetProxy = 2101137025D452C1006C3F2D /* PBXContainerItemProxy */;
		};
		2101137C25D452C1006C3F2D /* PBXTargetDependency */ = {
			isa = PBXTargetDependency;
			target = 2101135825D452BE006C3F2D /* datastoreTemporal */;
			targetProxy = 2101137B25D452C1006C3F2D /* PBXContainerItemProxy */;
		};
/* End PBXTargetDependency section */

/* Begin PBXVariantGroup section */
		2101136725D452C1006C3F2D /* LaunchScreen.storyboard */ = {
			isa = PBXVariantGroup;
			children = (
				2101136825D452C1006C3F2D /* Base */,
			);
			name = LaunchScreen.storyboard;
			sourceTree = "<group>";
		};
/* End PBXVariantGroup section */

/* Begin XCBuildConfiguration section */
		2101138125D452C1006C3F2D /* Debug */ = {
			isa = XCBuildConfiguration;
			buildSettings = {
				ALWAYS_SEARCH_USER_PATHS = NO;
				CLANG_ANALYZER_NONNULL = YES;
				CLANG_ANALYZER_NUMBER_OBJECT_CONVERSION = YES_AGGRESSIVE;
				CLANG_CXX_LANGUAGE_STANDARD = "gnu++14";
				CLANG_CXX_LIBRARY = "libc++";
				CLANG_ENABLE_MODULES = YES;
				CLANG_ENABLE_OBJC_ARC = YES;
				CLANG_ENABLE_OBJC_WEAK = YES;
				CLANG_WARN_BLOCK_CAPTURE_AUTORELEASING = YES;
				CLANG_WARN_BOOL_CONVERSION = YES;
				CLANG_WARN_COMMA = YES;
				CLANG_WARN_CONSTANT_CONVERSION = YES;
				CLANG_WARN_DEPRECATED_OBJC_IMPLEMENTATIONS = YES;
				CLANG_WARN_DIRECT_OBJC_ISA_USAGE = YES_ERROR;
				CLANG_WARN_DOCUMENTATION_COMMENTS = YES;
				CLANG_WARN_EMPTY_BODY = YES;
				CLANG_WARN_ENUM_CONVERSION = YES;
				CLANG_WARN_INFINITE_RECURSION = YES;
				CLANG_WARN_INT_CONVERSION = YES;
				CLANG_WARN_NON_LITERAL_NULL_CONVERSION = YES;
				CLANG_WARN_OBJC_IMPLICIT_RETAIN_SELF = YES;
				CLANG_WARN_OBJC_LITERAL_CONVERSION = YES;
				CLANG_WARN_OBJC_ROOT_CLASS = YES_ERROR;
				CLANG_WARN_QUOTED_INCLUDE_IN_FRAMEWORK_HEADER = YES;
				CLANG_WARN_RANGE_LOOP_ANALYSIS = YES;
				CLANG_WARN_STRICT_PROTOTYPES = YES;
				CLANG_WARN_SUSPICIOUS_MOVE = YES;
				CLANG_WARN_UNGUARDED_AVAILABILITY = YES_AGGRESSIVE;
				CLANG_WARN_UNREACHABLE_CODE = YES;
				CLANG_WARN__DUPLICATE_METHOD_MATCH = YES;
				COPY_PHASE_STRIP = NO;
				DEBUG_INFORMATION_FORMAT = dwarf;
				ENABLE_STRICT_OBJC_MSGSEND = YES;
				ENABLE_TESTABILITY = YES;
				GCC_C_LANGUAGE_STANDARD = gnu11;
				GCC_DYNAMIC_NO_PIC = NO;
				GCC_NO_COMMON_BLOCKS = YES;
				GCC_OPTIMIZATION_LEVEL = 0;
				GCC_PREPROCESSOR_DEFINITIONS = (
					"DEBUG=1",
					"$(inherited)",
				);
				GCC_WARN_64_TO_32_BIT_CONVERSION = YES;
				GCC_WARN_ABOUT_RETURN_TYPE = YES_ERROR;
				GCC_WARN_UNDECLARED_SELECTOR = YES;
				GCC_WARN_UNINITIALIZED_AUTOS = YES_AGGRESSIVE;
				GCC_WARN_UNUSED_FUNCTION = YES;
				GCC_WARN_UNUSED_VARIABLE = YES;
				IPHONEOS_DEPLOYMENT_TARGET = 14.4;
				MTL_ENABLE_DEBUG_INFO = INCLUDE_SOURCE;
				MTL_FAST_MATH = YES;
				ONLY_ACTIVE_ARCH = YES;
				SDKROOT = iphoneos;
				SWIFT_ACTIVE_COMPILATION_CONDITIONS = DEBUG;
				SWIFT_OPTIMIZATION_LEVEL = "-Onone";
			};
			name = Debug;
		};
		2101138225D452C1006C3F2D /* Release */ = {
			isa = XCBuildConfiguration;
			buildSettings = {
				ALWAYS_SEARCH_USER_PATHS = NO;
				CLANG_ANALYZER_NONNULL = YES;
				CLANG_ANALYZER_NUMBER_OBJECT_CONVERSION = YES_AGGRESSIVE;
				CLANG_CXX_LANGUAGE_STANDARD = "gnu++14";
				CLANG_CXX_LIBRARY = "libc++";
				CLANG_ENABLE_MODULES = YES;
				CLANG_ENABLE_OBJC_ARC = YES;
				CLANG_ENABLE_OBJC_WEAK = YES;
				CLANG_WARN_BLOCK_CAPTURE_AUTORELEASING = YES;
				CLANG_WARN_BOOL_CONVERSION = YES;
				CLANG_WARN_COMMA = YES;
				CLANG_WARN_CONSTANT_CONVERSION = YES;
				CLANG_WARN_DEPRECATED_OBJC_IMPLEMENTATIONS = YES;
				CLANG_WARN_DIRECT_OBJC_ISA_USAGE = YES_ERROR;
				CLANG_WARN_DOCUMENTATION_COMMENTS = YES;
				CLANG_WARN_EMPTY_BODY = YES;
				CLANG_WARN_ENUM_CONVERSION = YES;
				CLANG_WARN_INFINITE_RECURSION = YES;
				CLANG_WARN_INT_CONVERSION = YES;
				CLANG_WARN_NON_LITERAL_NULL_CONVERSION = YES;
				CLANG_WARN_OBJC_IMPLICIT_RETAIN_SELF = YES;
				CLANG_WARN_OBJC_LITERAL_CONVERSION = YES;
				CLANG_WARN_OBJC_ROOT_CLASS = YES_ERROR;
				CLANG_WARN_QUOTED_INCLUDE_IN_FRAMEWORK_HEADER = YES;
				CLANG_WARN_RANGE_LOOP_ANALYSIS = YES;
				CLANG_WARN_STRICT_PROTOTYPES = YES;
				CLANG_WARN_SUSPICIOUS_MOVE = YES;
				CLANG_WARN_UNGUARDED_AVAILABILITY = YES_AGGRESSIVE;
				CLANG_WARN_UNREACHABLE_CODE = YES;
				CLANG_WARN__DUPLICATE_METHOD_MATCH = YES;
				COPY_PHASE_STRIP = NO;
				DEBUG_INFORMATION_FORMAT = "dwarf-with-dsym";
				ENABLE_NS_ASSERTIONS = NO;
				ENABLE_STRICT_OBJC_MSGSEND = YES;
				GCC_C_LANGUAGE_STANDARD = gnu11;
				GCC_NO_COMMON_BLOCKS = YES;
				GCC_WARN_64_TO_32_BIT_CONVERSION = YES;
				GCC_WARN_ABOUT_RETURN_TYPE = YES_ERROR;
				GCC_WARN_UNDECLARED_SELECTOR = YES;
				GCC_WARN_UNINITIALIZED_AUTOS = YES_AGGRESSIVE;
				GCC_WARN_UNUSED_FUNCTION = YES;
				GCC_WARN_UNUSED_VARIABLE = YES;
				IPHONEOS_DEPLOYMENT_TARGET = 14.4;
				MTL_ENABLE_DEBUG_INFO = NO;
				MTL_FAST_MATH = YES;
				SDKROOT = iphoneos;
				SWIFT_COMPILATION_MODE = wholemodule;
				SWIFT_OPTIMIZATION_LEVEL = "-O";
				VALIDATE_PRODUCT = YES;
			};
			name = Release;
		};
		2101138425D452C1006C3F2D /* Debug */ = {
			isa = XCBuildConfiguration;
			baseConfigurationReference = 17CCAD707890DDC4AD4AC1E1 /* Pods-datastoreTemporal.debug.xcconfig */;
			buildSettings = {
				ASSETCATALOG_COMPILER_APPICON_NAME = AppIcon;
				ASSETCATALOG_COMPILER_GLOBAL_ACCENT_COLOR_NAME = AccentColor;
				CODE_SIGN_STYLE = Automatic;
				DEVELOPMENT_ASSET_PATHS = "\"datastoreTemporal/Preview Content\"";
				ENABLE_PREVIEWS = YES;
				INFOPLIST_FILE = datastoreTemporal/Info.plist;
				LD_RUNPATH_SEARCH_PATHS = (
					"$(inherited)",
					"@executable_path/Frameworks",
				);
				PRODUCT_BUNDLE_IDENTIFIER = com.lawmicha.datastoreTemporal;
				PRODUCT_NAME = "$(TARGET_NAME)";
				SWIFT_VERSION = 5.0;
				TARGETED_DEVICE_FAMILY = "1,2";
			};
			name = Debug;
		};
		2101138525D452C1006C3F2D /* Release */ = {
			isa = XCBuildConfiguration;
			baseConfigurationReference = 57D91335EA15B57180D173FF /* Pods-datastoreTemporal.release.xcconfig */;
			buildSettings = {
				ASSETCATALOG_COMPILER_APPICON_NAME = AppIcon;
				ASSETCATALOG_COMPILER_GLOBAL_ACCENT_COLOR_NAME = AccentColor;
				CODE_SIGN_STYLE = Automatic;
				DEVELOPMENT_ASSET_PATHS = "\"datastoreTemporal/Preview Content\"";
				ENABLE_PREVIEWS = YES;
				INFOPLIST_FILE = datastoreTemporal/Info.plist;
				LD_RUNPATH_SEARCH_PATHS = (
					"$(inherited)",
					"@executable_path/Frameworks",
				);
				PRODUCT_BUNDLE_IDENTIFIER = com.lawmicha.datastoreTemporal;
				PRODUCT_NAME = "$(TARGET_NAME)";
				SWIFT_VERSION = 5.0;
				TARGETED_DEVICE_FAMILY = "1,2";
			};
			name = Release;
		};
		2101138725D452C1006C3F2D /* Debug */ = {
			isa = XCBuildConfiguration;
			baseConfigurationReference = 6A494DD3C40514DF59DE4C05 /* Pods-datastoreTemporalTests.debug.xcconfig */;
			buildSettings = {
				ALWAYS_EMBED_SWIFT_STANDARD_LIBRARIES = YES;
				BUNDLE_LOADER = "$(TEST_HOST)";
				CODE_SIGN_STYLE = Automatic;
				INFOPLIST_FILE = datastoreTemporalTests/Info.plist;
				IPHONEOS_DEPLOYMENT_TARGET = 14.4;
				LD_RUNPATH_SEARCH_PATHS = (
					"$(inherited)",
					"@executable_path/Frameworks",
					"@loader_path/Frameworks",
				);
				PRODUCT_BUNDLE_IDENTIFIER = com.lawmicha.datastoreTemporalTests;
				PRODUCT_NAME = "$(TARGET_NAME)";
				SWIFT_VERSION = 5.0;
				TARGETED_DEVICE_FAMILY = "1,2";
				TEST_HOST = "$(BUILT_PRODUCTS_DIR)/datastoreTemporal.app/datastoreTemporal";
			};
			name = Debug;
		};
		2101138825D452C1006C3F2D /* Release */ = {
			isa = XCBuildConfiguration;
			baseConfigurationReference = 8E5D907ABC41DA25D1FA5531 /* Pods-datastoreTemporalTests.release.xcconfig */;
			buildSettings = {
				ALWAYS_EMBED_SWIFT_STANDARD_LIBRARIES = YES;
				BUNDLE_LOADER = "$(TEST_HOST)";
				CODE_SIGN_STYLE = Automatic;
				INFOPLIST_FILE = datastoreTemporalTests/Info.plist;
				IPHONEOS_DEPLOYMENT_TARGET = 14.4;
				LD_RUNPATH_SEARCH_PATHS = (
					"$(inherited)",
					"@executable_path/Frameworks",
					"@loader_path/Frameworks",
				);
				PRODUCT_BUNDLE_IDENTIFIER = com.lawmicha.datastoreTemporalTests;
				PRODUCT_NAME = "$(TARGET_NAME)";
				SWIFT_VERSION = 5.0;
				TARGETED_DEVICE_FAMILY = "1,2";
				TEST_HOST = "$(BUILT_PRODUCTS_DIR)/datastoreTemporal.app/datastoreTemporal";
			};
			name = Release;
		};
		2101138A25D452C1006C3F2D /* Debug */ = {
			isa = XCBuildConfiguration;
			baseConfigurationReference = 1986E252CB73223533DC2A12 /* Pods-datastoreTemporal-datastoreTemporalUITests.debug.xcconfig */;
			buildSettings = {
				ALWAYS_EMBED_SWIFT_STANDARD_LIBRARIES = YES;
				CODE_SIGN_STYLE = Automatic;
				INFOPLIST_FILE = datastoreTemporalUITests/Info.plist;
				LD_RUNPATH_SEARCH_PATHS = (
					"$(inherited)",
					"@executable_path/Frameworks",
					"@loader_path/Frameworks",
				);
				PRODUCT_BUNDLE_IDENTIFIER = com.lawmicha.datastoreTemporalUITests;
				PRODUCT_NAME = "$(TARGET_NAME)";
				SWIFT_VERSION = 5.0;
				TARGETED_DEVICE_FAMILY = "1,2";
				TEST_TARGET_NAME = datastoreTemporal;
			};
			name = Debug;
		};
		2101138B25D452C1006C3F2D /* Release */ = {
			isa = XCBuildConfiguration;
			baseConfigurationReference = CCCE5D92DB46AF259533F6A5 /* Pods-datastoreTemporal-datastoreTemporalUITests.release.xcconfig */;
			buildSettings = {
				ALWAYS_EMBED_SWIFT_STANDARD_LIBRARIES = YES;
				CODE_SIGN_STYLE = Automatic;
				INFOPLIST_FILE = datastoreTemporalUITests/Info.plist;
				LD_RUNPATH_SEARCH_PATHS = (
					"$(inherited)",
					"@executable_path/Frameworks",
					"@loader_path/Frameworks",
				);
				PRODUCT_BUNDLE_IDENTIFIER = com.lawmicha.datastoreTemporalUITests;
				PRODUCT_NAME = "$(TARGET_NAME)";
				SWIFT_VERSION = 5.0;
				TARGETED_DEVICE_FAMILY = "1,2";
				TEST_TARGET_NAME = datastoreTemporal;
			};
			name = Release;
		};
/* End XCBuildConfiguration section */

/* Begin XCConfigurationList section */
		2101135425D452BE006C3F2D /* Build configuration list for PBXProject "datastoreTemporal" */ = {
			isa = XCConfigurationList;
			buildConfigurations = (
				2101138125D452C1006C3F2D /* Debug */,
				2101138225D452C1006C3F2D /* Release */,
			);
			defaultConfigurationIsVisible = 0;
			defaultConfigurationName = Release;
		};
		2101138325D452C1006C3F2D /* Build configuration list for PBXNativeTarget "datastoreTemporal" */ = {
			isa = XCConfigurationList;
			buildConfigurations = (
				2101138425D452C1006C3F2D /* Debug */,
				2101138525D452C1006C3F2D /* Release */,
			);
			defaultConfigurationIsVisible = 0;
			defaultConfigurationName = Release;
		};
		2101138625D452C1006C3F2D /* Build configuration list for PBXNativeTarget "datastoreTemporalTests" */ = {
			isa = XCConfigurationList;
			buildConfigurations = (
				2101138725D452C1006C3F2D /* Debug */,
				2101138825D452C1006C3F2D /* Release */,
			);
			defaultConfigurationIsVisible = 0;
			defaultConfigurationName = Release;
		};
		2101138925D452C1006C3F2D /* Build configuration list for PBXNativeTarget "datastoreTemporalUITests" */ = {
			isa = XCConfigurationList;
			buildConfigurations = (
				2101138A25D452C1006C3F2D /* Debug */,
				2101138B25D452C1006C3F2D /* Release */,
			);
			defaultConfigurationIsVisible = 0;
			defaultConfigurationName = Release;
		};
/* End XCConfigurationList section */
	};
	rootObject = 2101135125D452BE006C3F2D /* Project object */;
}
